
Microsoft Visual Studio Solution File, Format Version 12.00
# Visual Studio 15
Project("{FAE04EC0-301F-11D3-BF4B-00C04F79EFBC}") = "Assembly-CSharp", "Assembly-CSharp.csproj", "{616ADA9E-BE22-EF06-6542-815CB9778D48}"
EndProject
Project("{FAE04EC0-301F-11D3-BF4B-00C04F79EFBC}") = "Assembly-CSharp-Editor", "Assembly-CSharp-Editor.csproj", "{0F194003-B9E1-9796-D4F3-1F1A36C39364}"
EndProject
Global
	GlobalSection(SolutionConfigurationPlatforms) = preSolution
		Debug|Any CPU = Debug|Any CPU
		Release|Any CPU = Release|Any CPU
	EndGlobalSection
	GlobalSection(ProjectConfigurationPlatforms) = postSolution
		{616ADA9E-BE22-EF06-6542-815CB9778D48}.Debug|Any CPU.ActiveCfg = Debug|Any CPU
		{616ADA9E-BE22-EF06-6542-815CB9778D48}.Debug|Any CPU.Build.0 = Debug|Any CPU
		{616ADA9E-BE22-EF06-6542-815CB9778D48}.Release|Any CPU.ActiveCfg = Release|Any CPU
		{616ADA9E-BE22-EF06-6542-815CB9778D48}.Release|Any CPU.Build.0 = Release|Any CPU
		{0F194003-B9E1-9796-D4F3-1F1A36C39364}.Debug|Any CPU.ActiveCfg = Debug|Any CPU
		{0F194003-B9E1-9796-D4F3-1F1A36C39364}.Debug|Any CPU.Build.0 = Debug|Any CPU
		{0F194003-B9E1-9796-D4F3-1F1A36C39364}.Release|Any CPU.ActiveCfg = Release|Any CPU
		{0F194003-B9E1-9796-D4F3-1F1A36C39364}.Release|Any CPU.Build.0 = Release|Any CPU
	EndGlobalSection
	GlobalSection(SolutionProperties) = preSolution
		HideSolutionNode = FALSE
	EndGlobalSection
EndGlobal
